
Microsoft Visual Studio Solution File, Format Version 12.00
# Visual Studio Version 17
VisualStudioVersion = 17.3.32929.385
MinimumVisualStudioVersion = 10.0.40219.1
Project("{FAE04EC0-301F-11D3-BF4B-00C04F79EFBC}") = "EasyTodoApi", "EasyTodoApi\EasyTodoApi.csproj", "{10632FEC-6850-483F-83DE-A8FA8585F119}"
EndProject
Global
	GlobalSection(SolutionConfigurationPlatforms) = preSolution
		Debug|Any CPU = Debug|Any CPU
		Release|Any CPU = Release|Any CPU
	EndGlobalSection
	GlobalSection(ProjectConfigurationPlatforms) = postSolution
		{10632FEC-6850-483F-83DE-A8FA8585F119}.Debug|Any CPU.ActiveCfg = Debug|Any CPU
		{10632FEC-6850-483F-83DE-A8FA8585F119}.Debug|Any CPU.Build.0 = Debug|Any CPU
		{10632FEC-6850-483F-83DE-A8FA8585F119}.Release|Any CPU.ActiveCfg = Release|Any CPU
		{10632FEC-6850-483F-83DE-A8FA8585F119}.Release|Any CPU.Build.0 = Release|Any CPU
	EndGlobalSection
	GlobalSection(SolutionProperties) = preSolution
		HideSolutionNode = FALSE
	EndGlobalSection
	GlobalSection(ExtensibilityGlobals) = postSolution
		SolutionGuid = {9A42DC82-90CE-4660-A751-DA4D040D40A7}
	EndGlobalSection
EndGlobal
